
Microsoft Visual Studio Solution File, Format Version 12.00
# Visual Studio Version 16
VisualStudioVersion = 16.0.29806.167
MinimumVisualStudioVersion = 10.0.40219.1
Project("{FAE04EC0-301F-11D3-BF4B-00C04F79EFBC}") = "My9GAG.Android", "My9GAG\My9GAG.Android\My9GAG.Android.csproj", "{A8685EFD-8E88-4F3D-9A74-E2CB5361C974}"
EndProject
Project("{FAE04EC0-301F-11D3-BF4B-00C04F79EFBC}") = "My9GAG.iOS", "My9GAG\My9GAG.iOS\My9GAG.iOS.csproj", "{36036AE2-3D7E-47C2-B99C-3A4A4434200F}"
EndProject
Project("{FAE04EC0-301F-11D3-BF4B-00C04F79EFBC}") = "My9GAG.UWP", "My9GAG\My9GAG.UWP\My9GAG.UWP.csproj", "{C104E0E6-9759-43D7-A528-B858F4087219}"
EndProject
Project("{9A19103F-16F7-4668-BE54-9A1E7A4F7556}") = "My9GAG", "My9GAG\My9GAG\My9GAG.csproj", "{60AF7A49-A63A-4318-9D05-9F4D4DB02140}"
EndProject
Project("{9A19103F-16F7-4668-BE54-9A1E7A4F7556}") = "My9GAG.IntegrationTests", "My9GAG.IntegrationTests\My9GAG.IntegrationTests.csproj", "{EB6080D2-8850-4B39-9783-1756C5D81915}"
EndProject
Global
	GlobalSection(SolutionConfigurationPlatforms) = preSolution
		Ad-Hoc|Any CPU = Ad-Hoc|Any CPU
		Ad-Hoc|ARM = Ad-Hoc|ARM
		Ad-Hoc|iPhone = Ad-Hoc|iPhone
		Ad-Hoc|iPhoneSimulator = Ad-Hoc|iPhoneSimulator
		Ad-Hoc|x64 = Ad-Hoc|x64
		Ad-Hoc|x86 = Ad-Hoc|x86
		AppStore|Any CPU = AppStore|Any CPU
		AppStore|ARM = AppStore|ARM
		AppStore|iPhone = AppStore|iPhone
		AppStore|iPhoneSimulator = AppStore|iPhoneSimulator
		AppStore|x64 = AppStore|x64
		AppStore|x86 = AppStore|x86
		Debug|Any CPU = Debug|Any CPU
		Debug|ARM = Debug|ARM
		Debug|iPhone = Debug|iPhone
		Debug|iPhoneSimulator = Debug|iPhoneSimulator
		Debug|x64 = Debug|x64
		Debug|x86 = Debug|x86
		Release|Any CPU = Release|Any CPU
		Release|ARM = Release|ARM
		Release|iPhone = Release|iPhone
		Release|iPhoneSimulator = Release|iPhoneSimulator
		Release|x64 = Release|x64
		Release|x86 = Release|x86
	EndGlobalSection
	GlobalSection(ProjectConfigurationPlatforms) = postSolution
		{A8685EFD-8E88-4F3D-9A74-E2CB5361C974}.Ad-Hoc|Any CPU.ActiveCfg = Release|Any CPU
		{A8685EFD-8E88-4F3D-9A74-E2CB5361C974}.Ad-Hoc|Any CPU.Build.0 = Release|Any CPU
		{A8685EFD-8E88-4F3D-9A74-E2CB5361C974}.Ad-Hoc|Any CPU.Deploy.0 = Release|Any CPU
		{A8685EFD-8E88-4F3D-9A74-E2CB5361C974}.Ad-Hoc|ARM.ActiveCfg = Release|Any CPU
		{A8685EFD-8E88-4F3D-9A74-E2CB5361C974}.Ad-Hoc|ARM.Build.0 = Release|Any CPU
		{A8685EFD-8E88-4F3D-9A74-E2CB5361C974}.Ad-Hoc|ARM.Deploy.0 = Release|Any CPU
		{A8685EFD-8E88-4F3D-9A74-E2CB5361C974}.Ad-Hoc|iPhone.ActiveCfg = Release|Any CPU
		{A8685EFD-8E88-4F3D-9A74-E2CB5361C974}.Ad-Hoc|iPhone.Build.0 = Release|Any CPU
		{A8685EFD-8E88-4F3D-9A74-E2CB5361C974}.Ad-Hoc|iPhone.Deploy.0 = Release|Any CPU
		{A8685EFD-8E88-4F3D-9A74-E2CB5361C974}.Ad-Hoc|iPhoneSimulator.ActiveCfg = Release|Any CPU
		{A8685EFD-8E88-4F3D-9A74-E2CB5361C974}.Ad-Hoc|iPhoneSimulator.Build.0 = Release|Any CPU
		{A8685EFD-8E88-4F3D-9A74-E2CB5361C974}.Ad-Hoc|iPhoneSimulator.Deploy.0 = Release|Any CPU
		{A8685EFD-8E88-4F3D-9A74-E2CB5361C974}.Ad-Hoc|x64.ActiveCfg = Release|Any CPU
		{A8685EFD-8E88-4F3D-9A74-E2CB5361C974}.Ad-Hoc|x64.Build.0 = Release|Any CPU
		{A8685EFD-8E88-4F3D-9A74-E2CB5361C974}.Ad-Hoc|x64.Deploy.0 = Release|Any CPU
		{A8685EFD-8E88-4F3D-9A74-E2CB5361C974}.Ad-Hoc|x86.ActiveCfg = Release|Any CPU
		{A8685EFD-8E88-4F3D-9A74-E2CB5361C974}.Ad-Hoc|x86.Build.0 = Release|Any CPU
		{A8685EFD-8E88-4F3D-9A74-E2CB5361C974}.Ad-Hoc|x86.Deploy.0 = Release|Any CPU
		{A8685EFD-8E88-4F3D-9A74-E2CB5361C974}.AppStore|Any CPU.ActiveCfg = Release|Any CPU
		{A8685EFD-8E88-4F3D-9A74-E2CB5361C974}.AppStore|Any CPU.Build.0 = Release|Any CPU
		{A8685EFD-8E88-4F3D-9A74-E2CB5361C974}.AppStore|Any CPU.Deploy.0 = Release|Any CPU
		{A8685EFD-8E88-4F3D-9A74-E2CB5361C974}.AppStore|ARM.ActiveCfg = Release|Any CPU
		{A8685EFD-8E88-4F3D-9A74-E2CB5361C974}.AppStore|ARM.Build.0 = Release|Any CPU
		{A8685EFD-8E88-4F3D-9A74-E2CB5361C974}.AppStore|ARM.Deploy.0 = Release|Any CPU
		{A8685EFD-8E88-4F3D-9A74-E2CB5361C974}.AppStore|iPhone.ActiveCfg = Release|Any CPU
		{A8685EFD-8E88-4F3D-9A74-E2CB5361C974}.AppStore|iPhone.Build.0 = Release|Any CPU
		{A8685EFD-8E88-4F3D-9A74-E2CB5361C974}.AppStore|iPhone.Deploy.0 = Release|Any CPU
		{A8685EFD-8E88-4F3D-9A74-E2CB5361C974}.AppStore|iPhoneSimulator.ActiveCfg = Release|Any CPU
		{A8685EFD-8E88-4F3D-9A74-E2CB5361C974}.AppStore|iPhoneSimulator.Build.0 = Release|Any CPU
		{A8685EFD-8E88-4F3D-9A74-E2CB5361C974}.AppStore|iPhoneSimulator.Deploy.0 = Release|Any CPU
		{A8685EFD-8E88-4F3D-9A74-E2CB5361C974}.AppStore|x64.ActiveCfg = Release|Any CPU
		{A8685EFD-8E88-4F3D-9A74-E2CB5361C974}.AppStore|x64.Build.0 = Release|Any CPU
		{A8685EFD-8E88-4F3D-9A74-E2CB5361C974}.AppStore|x64.Deploy.0 = Release|Any CPU
		{A8685EFD-8E88-4F3D-9A74-E2CB5361C974}.AppStore|x86.ActiveCfg = Release|Any CPU
		{A8685EFD-8E88-4F3D-9A74-E2CB5361C974}.AppStore|x86.Build.0 = Release|Any CPU
		{A8685EFD-8E88-4F3D-9A74-E2CB5361C974}.AppStore|x86.Deploy.0 = Release|Any CPU
		{A8685EFD-8E88-4F3D-9A74-E2CB5361C974}.Debug|Any CPU.ActiveCfg = Debug|Any CPU
		{A8685EFD-8E88-4F3D-9A74-E2CB5361C974}.Debug|Any CPU.Build.0 = Debug|Any CPU
		{A8685EFD-8E88-4F3D-9A74-E2CB5361C974}.Debug|Any CPU.Deploy.0 = Debug|Any CPU
		{A8685EFD-8E88-4F3D-9A74-E2CB5361C974}.Debug|ARM.ActiveCfg = Debug|Any CPU
		{A8685EFD-8E88-4F3D-9A74-E2CB5361C974}.Debug|ARM.Build.0 = Debug|Any CPU
		{A8685EFD-8E88-4F3D-9A74-E2CB5361C974}.Debug|ARM.Deploy.0 = Debug|Any CPU
		{A8685EFD-8E88-4F3D-9A74-E2CB5361C974}.Debug|iPhone.ActiveCfg = Debug|Any CPU
		{A8685EFD-8E88-4F3D-9A74-E2CB5361C974}.Debug|iPhone.Build.0 = Debug|Any CPU
		{A8685EFD-8E88-4F3D-9A74-E2CB5361C974}.Debug|iPhone.Deploy.0 = Debug|Any CPU
		{A8685EFD-8E88-4F3D-9A74-E2CB5361C974}.Debug|iPhoneSimulator.ActiveCfg = Debug|Any CPU
		{A8685EFD-8E88-4F3D-9A74-E2CB5361C974}.Debug|iPhoneSimulator.Build.0 = Debug|Any CPU
		{A8685EFD-8E88-4F3D-9A74-E2CB5361C974}.Debug|iPhoneSimulator.Deploy.0 = Debug|Any CPU
		{A8685EFD-8E88-4F3D-9A74-E2CB5361C974}.Debug|x64.ActiveCfg = Debug|Any CPU
		{A8685EFD-8E88-4F3D-9A74-E2CB5361C974}.Debug|x64.Build.0 = Debug|Any CPU
		{A8685EFD-8E88-4F3D-9A74-E2CB5361C974}.Debug|x64.Deploy.0 = Debug|Any CPU
		{A8685EFD-8E88-4F3D-9A74-E2CB5361C974}.Debug|x86.ActiveCfg = Debug|Any CPU
		{A8685EFD-8E88-4F3D-9A74-E2CB5361C974}.Debug|x86.Build.0 = Debug|Any CPU
		{A8685EFD-8E88-4F3D-9A74-E2CB5361C974}.Debug|x86.Deploy.0 = Debug|Any CPU
		{A8685EFD-8E88-4F3D-9A74-E2CB5361C974}.Release|Any CPU.ActiveCfg = Release|Any CPU
		{A8685EFD-8E88-4F3D-9A74-E2CB5361C974}.Release|Any CPU.Build.0 = Release|Any CPU
		{A8685EFD-8E88-4F3D-9A74-E2CB5361C974}.Release|Any CPU.Deploy.0 = Release|Any CPU
		{A8685EFD-8E88-4F3D-9A74-E2CB5361C974}.Release|ARM.ActiveCfg = Release|Any CPU
		{A8685EFD-8E88-4F3D-9A74-E2CB5361C974}.Release|ARM.Build.0 = Release|Any CPU
		{A8685EFD-8E88-4F3D-9A74-E2CB5361C974}.Release|ARM.Deploy.0 = Release|Any CPU
		{A8685EFD-8E88-4F3D-9A74-E2CB5361C974}.Release|iPhone.ActiveCfg = Release|Any CPU
		{A8685EFD-8E88-4F3D-9A74-E2CB5361C974}.Release|iPhone.Build.0 = Release|Any CPU
		{A8685EFD-8E88-4F3D-9A74-E2CB5361C974}.Release|iPhone.Deploy.0 = Release|Any CPU
		{A8685EFD-8E88-4F3D-9A74-E2CB5361C974}.Release|iPhoneSimulator.ActiveCfg = Release|Any CPU
		{A8685EFD-8E88-4F3D-9A74-E2CB5361C974}.Release|iPhoneSimulator.Build.0 = Release|Any CPU
		{A8685EFD-8E88-4F3D-9A74-E2CB5361C974}.Release|iPhoneSimulator.Deploy.0 = Release|Any CPU
		{A8685EFD-8E88-4F3D-9A74-E2CB5361C974}.Release|x64.ActiveCfg = Release|Any CPU
		{A8685EFD-8E88-4F3D-9A74-E2CB5361C974}.Release|x64.Build.0 = Release|Any CPU
		{A8685EFD-8E88-4F3D-9A74-E2CB5361C974}.Release|x64.Deploy.0 = Release|Any CPU
		{A8685EFD-8E88-4F3D-9A74-E2CB5361C974}.Release|x86.ActiveCfg = Release|Any CPU
		{A8685EFD-8E88-4F3D-9A74-E2CB5361C974}.Release|x86.Build.0 = Release|Any CPU
		{A8685EFD-8E88-4F3D-9A74-E2CB5361C974}.Release|x86.Deploy.0 = Release|Any CPU
		{36036AE2-3D7E-47C2-B99C-3A4A4434200F}.Ad-Hoc|Any CPU.ActiveCfg = Ad-Hoc|iPhone
		{36036AE2-3D7E-47C2-B99C-3A4A4434200F}.Ad-Hoc|Any CPU.Build.0 = Ad-Hoc|iPhone
		{36036AE2-3D7E-47C2-B99C-3A4A4434200F}.Ad-Hoc|Any CPU.Deploy.0 = Ad-Hoc|iPhone
		{36036AE2-3D7E-47C2-B99C-3A4A4434200F}.Ad-Hoc|ARM.ActiveCfg = Ad-Hoc|iPhone
		{36036AE2-3D7E-47C2-B99C-3A4A4434200F}.Ad-Hoc|ARM.Build.0 = Ad-Hoc|iPhone
		{36036AE2-3D7E-47C2-B99C-3A4A4434200F}.Ad-Hoc|ARM.Deploy.0 = Ad-Hoc|iPhone
		{36036AE2-3D7E-47C2-B99C-3A4A4434200F}.Ad-Hoc|iPhone.ActiveCfg = Ad-Hoc|iPhone
		{36036AE2-3D7E-47C2-B99C-3A4A4434200F}.Ad-Hoc|iPhone.Build.0 = Ad-Hoc|iPhone
		{36036AE2-3D7E-47C2-B99C-3A4A4434200F}.Ad-Hoc|iPhone.Deploy.0 = Ad-Hoc|iPhone
		{36036AE2-3D7E-47C2-B99C-3A4A4434200F}.Ad-Hoc|iPhoneSimulator.ActiveCfg = Ad-Hoc|iPhoneSimulator
		{36036AE2-3D7E-47C2-B99C-3A4A4434200F}.Ad-Hoc|iPhoneSimulator.Build.0 = Ad-Hoc|iPhoneSimulator
		{36036AE2-3D7E-47C2-B99C-3A4A4434200F}.Ad-Hoc|iPhoneSimulator.Deploy.0 = Ad-Hoc|iPhoneSimulator
		{36036AE2-3D7E-47C2-B99C-3A4A4434200F}.Ad-Hoc|x64.ActiveCfg = Ad-Hoc|iPhone
		{36036AE2-3D7E-47C2-B99C-3A4A4434200F}.Ad-Hoc|x64.Build.0 = Ad-Hoc|iPhone
		{36036AE2-3D7E-47C2-B99C-3A4A4434200F}.Ad-Hoc|x64.Deploy.0 = Ad-Hoc|iPhone
		{36036AE2-3D7E-47C2-B99C-3A4A4434200F}.Ad-Hoc|x86.ActiveCfg = Ad-Hoc|iPhone
		{36036AE2-3D7E-47C2-B99C-3A4A4434200F}.Ad-Hoc|x86.Build.0 = Ad-Hoc|iPhone
		{36036AE2-3D7E-47C2-B99C-3A4A4434200F}.Ad-Hoc|x86.Deploy.0 = Ad-Hoc|iPhone
		{36036AE2-3D7E-47C2-B99C-3A4A4434200F}.AppStore|Any CPU.ActiveCfg = AppStore|iPhone
		{36036AE2-3D7E-47C2-B99C-3A4A4434200F}.AppStore|Any CPU.Build.0 = AppStore|iPhone
		{36036AE2-3D7E-47C2-B99C-3A4A4434200F}.AppStore|Any CPU.Deploy.0 = AppStore|iPhone
		{36036AE2-3D7E-47C2-B99C-3A4A4434200F}.AppStore|ARM.ActiveCfg = AppStore|iPhone
		{36036AE2-3D7E-47C2-B99C-3A4A4434200F}.AppStore|ARM.Build.0 = AppStore|iPhone
		{36036AE2-3D7E-47C2-B99C-3A4A4434200F}.AppStore|ARM.Deploy.0 = AppStore|iPhone
		{36036AE2-3D7E-47C2-B99C-3A4A4434200F}.AppStore|iPhone.ActiveCfg = AppStore|iPhone
		{36036AE2-3D7E-47C2-B99C-3A4A4434200F}.AppStore|iPhone.Build.0 = AppStore|iPhone
		{36036AE2-3D7E-47C2-B99C-3A4A4434200F}.AppStore|iPhone.Deploy.0 = AppStore|iPhone
		{36036AE2-3D7E-47C2-B99C-3A4A4434200F}.AppStore|iPhoneSimulator.ActiveCfg = AppStore|iPhoneSimulator
		{36036AE2-3D7E-47C2-B99C-3A4A4434200F}.AppStore|iPhoneSimulator.Build.0 = AppStore|iPhoneSimulator
		{36036AE2-3D7E-47C2-B99C-3A4A4434200F}.AppStore|iPhoneSimulator.Deploy.0 = AppStore|iPhoneSimulator
		{36036AE2-3D7E-47C2-B99C-3A4A4434200F}.AppStore|x64.ActiveCfg = AppStore|iPhone
		{36036AE2-3D7E-47C2-B99C-3A4A4434200F}.AppStore|x64.Build.0 = AppStore|iPhone
		{36036AE2-3D7E-47C2-B99C-3A4A4434200F}.AppStore|x64.Deploy.0 = AppStore|iPhone
		{36036AE2-3D7E-47C2-B99C-3A4A4434200F}.AppStore|x86.ActiveCfg = AppStore|iPhone
		{36036AE2-3D7E-47C2-B99C-3A4A4434200F}.AppStore|x86.Build.0 = AppStore|iPhone
		{36036AE2-3D7E-47C2-B99C-3A4A4434200F}.AppStore|x86.Deploy.0 = AppStore|iPhone
		{36036AE2-3D7E-47C2-B99C-3A4A4434200F}.Debug|Any CPU.ActiveCfg = Debug|iPhoneSimulator
		{36036AE2-3D7E-47C2-B99C-3A4A4434200F}.Debug|Any CPU.Build.0 = Debug|iPhoneSimulator
		{36036AE2-3D7E-47C2-B99C-3A4A4434200F}.Debug|Any CPU.Deploy.0 = Debug|iPhoneSimulator
		{36036AE2-3D7E-47C2-B99C-3A4A4434200F}.Debug|ARM.ActiveCfg = Debug|iPhone
		{36036AE2-3D7E-47C2-B99C-3A4A4434200F}.Debug|ARM.Build.0 = Debug|iPhone
		{36036AE2-3D7E-47C2-B99C-3A4A4434200F}.Debug|ARM.Deploy.0 = Debug|iPhone
		{36036AE2-3D7E-47C2-B99C-3A4A4434200F}.Debug|iPhone.ActiveCfg = Debug|iPhone
		{36036AE2-3D7E-47C2-B99C-3A4A4434200F}.Debug|iPhone.Build.0 = Debug|iPhone
		{36036AE2-3D7E-47C2-B99C-3A4A4434200F}.Debug|iPhone.Deploy.0 = Debug|iPhone
		{36036AE2-3D7E-47C2-B99C-3A4A4434200F}.Debug|iPhoneSimulator.ActiveCfg = Debug|iPhoneSimulator
		{36036AE2-3D7E-47C2-B99C-3A4A4434200F}.Debug|iPhoneSimulator.Build.0 = Debug|iPhoneSimulator
		{36036AE2-3D7E-47C2-B99C-3A4A4434200F}.Debug|iPhoneSimulator.Deploy.0 = Debug|iPhoneSimulator
		{36036AE2-3D7E-47C2-B99C-3A4A4434200F}.Debug|x64.ActiveCfg = Debug|iPhone
		{36036AE2-3D7E-47C2-B99C-3A4A4434200F}.Debug|x64.Build.0 = Debug|iPhone
		{36036AE2-3D7E-47C2-B99C-3A4A4434200F}.Debug|x64.Deploy.0 = Debug|iPhone
		{36036AE2-3D7E-47C2-B99C-3A4A4434200F}.Debug|x86.ActiveCfg = Debug|iPhone
		{36036AE2-3D7E-47C2-B99C-3A4A4434200F}.Debug|x86.Build.0 = Debug|iPhone
		{36036AE2-3D7E-47C2-B99C-3A4A4434200F}.Debug|x86.Deploy.0 = Debug|iPhone
		{36036AE2-3D7E-47C2-B99C-3A4A4434200F}.Release|Any CPU.ActiveCfg = Release|iPhone
		{36036AE2-3D7E-47C2-B99C-3A4A4434200F}.Release|Any CPU.Build.0 = Release|iPhone
		{36036AE2-3D7E-47C2-B99C-3A4A4434200F}.Release|Any CPU.Deploy.0 = Release|iPhone
		{36036AE2-3D7E-47C2-B99C-3A4A4434200F}.Release|ARM.ActiveCfg = Release|iPhone
		{36036AE2-3D7E-47C2-B99C-3A4A4434200F}.Release|ARM.Build.0 = Release|iPhone
		{36036AE2-3D7E-47C2-B99C-3A4A4434200F}.Release|ARM.Deploy.0 = Release|iPhone
		{36036AE2-3D7E-47C2-B99C-3A4A4434200F}.Release|iPhone.ActiveCfg = Release|iPhone
		{36036AE2-3D7E-47C2-B99C-3A4A4434200F}.Release|iPhone.Build.0 = Release|iPhone
		{36036AE2-3D7E-47C2-B99C-3A4A4434200F}.Release|iPhone.Deploy.0 = Release|iPhone
		{36036AE2-3D7E-47C2-B99C-3A4A4434200F}.Release|iPhoneSimulator.ActiveCfg = Release|iPhoneSimulator
		{36036AE2-3D7E-47C2-B99C-3A4A4434200F}.Release|iPhoneSimulator.Build.0 = Release|iPhoneSimulator
		{36036AE2-3D7E-47C2-B99C-3A4A4434200F}.Release|iPhoneSimulator.Deploy.0 = Release|iPhoneSimulator
		{36036AE2-3D7E-47C2-B99C-3A4A4434200F}.Release|x64.ActiveCfg = Release|iPhone
		{36036AE2-3D7E-47C2-B99C-3A4A4434200F}.Release|x64.Build.0 = Release|iPhone
		{36036AE2-3D7E-47C2-B99C-3A4A4434200F}.Release|x64.Deploy.0 = Release|iPhone
		{36036AE2-3D7E-47C2-B99C-3A4A4434200F}.Release|x86.ActiveCfg = Release|iPhone
		{36036AE2-3D7E-47C2-B99C-3A4A4434200F}.Release|x86.Build.0 = Release|iPhone
		{36036AE2-3D7E-47C2-B99C-3A4A4434200F}.Release|x86.Deploy.0 = Release|iPhone
		{C104E0E6-9759-43D7-A528-B858F4087219}.Ad-Hoc|Any CPU.ActiveCfg = Release|x86
		{C104E0E6-9759-43D7-A528-B858F4087219}.Ad-Hoc|Any CPU.Build.0 = Release|x86
		{C104E0E6-9759-43D7-A528-B858F4087219}.Ad-Hoc|Any CPU.Deploy.0 = Release|x86
		{C104E0E6-9759-43D7-A528-B858F4087219}.Ad-Hoc|ARM.ActiveCfg = Release|ARM
		{C104E0E6-9759-43D7-A528-B858F4087219}.Ad-Hoc|ARM.Build.0 = Release|ARM
		{C104E0E6-9759-43D7-A528-B858F4087219}.Ad-Hoc|ARM.Deploy.0 = Release|ARM
		{C104E0E6-9759-43D7-A528-B858F4087219}.Ad-Hoc|iPhone.ActiveCfg = Release|x86
		{C104E0E6-9759-43D7-A528-B858F4087219}.Ad-Hoc|iPhone.Build.0 = Release|x86
		{C104E0E6-9759-43D7-A528-B858F4087219}.Ad-Hoc|iPhone.Deploy.0 = Release|x86
		{C104E0E6-9759-43D7-A528-B858F4087219}.Ad-Hoc|iPhoneSimulator.ActiveCfg = Release|x86
		{C104E0E6-9759-43D7-A528-B858F4087219}.Ad-Hoc|iPhoneSimulator.Build.0 = Release|x86
		{C104E0E6-9759-43D7-A528-B858F4087219}.Ad-Hoc|iPhoneSimulator.Deploy.0 = Release|x86
		{C104E0E6-9759-43D7-A528-B858F4087219}.Ad-Hoc|x64.ActiveCfg = Release|x64
		{C104E0E6-9759-43D7-A528-B858F4087219}.Ad-Hoc|x64.Build.0 = Release|x64
		{C104E0E6-9759-43D7-A528-B858F4087219}.Ad-Hoc|x64.Deploy.0 = Release|x64
		{C104E0E6-9759-43D7-A528-B858F4087219}.Ad-Hoc|x86.ActiveCfg = Release|x86
		{C104E0E6-9759-43D7-A528-B858F4087219}.Ad-Hoc|x86.Build.0 = Release|x86
		{C104E0E6-9759-43D7-A528-B858F4087219}.Ad-Hoc|x86.Deploy.0 = Release|x86
		{C104E0E6-9759-43D7-A528-B858F4087219}.AppStore|Any CPU.ActiveCfg = Release|x86
		{C104E0E6-9759-43D7-A528-B858F4087219}.AppStore|Any CPU.Build.0 = Release|x86
		{C104E0E6-9759-43D7-A528-B858F4087219}.AppStore|Any CPU.Deploy.0 = Release|x86
		{C104E0E6-9759-43D7-A528-B858F4087219}.AppStore|ARM.ActiveCfg = Release|ARM
		{C104E0E6-9759-43D7-A528-B858F4087219}.AppStore|ARM.Build.0 = Release|ARM
		{C104E0E6-9759-43D7-A528-B858F4087219}.AppStore|ARM.Deploy.0 = Release|ARM
		{C104E0E6-9759-43D7-A528-B858F4087219}.AppStore|iPhone.ActiveCfg = Release|x86
		{C104E0E6-9759-43D7-A528-B858F4087219}.AppStore|iPhone.Build.0 = Release|x86
		{C104E0E6-9759-43D7-A528-B858F4087219}.AppStore|iPhone.Deploy.0 = Release|x86
		{C104E0E6-9759-43D7-A528-B858F4087219}.AppStore|iPhoneSimulator.ActiveCfg = Release|x86
		{C104E0E6-9759-43D7-A528-B858F4087219}.AppStore|iPhoneSimulator.Build.0 = Release|x86
		{C104E0E6-9759-43D7-A528-B858F4087219}.AppStore|iPhoneSimulator.Deploy.0 = Release|x86
		{C104E0E6-9759-43D7-A528-B858F4087219}.AppStore|x64.ActiveCfg = Release|x64
		{C104E0E6-9759-43D7-A528-B858F4087219}.AppStore|x64.Build.0 = Release|x64
		{C104E0E6-9759-43D7-A528-B858F4087219}.AppStore|x64.Deploy.0 = Release|x64
		{C104E0E6-9759-43D7-A528-B858F4087219}.AppStore|x86.ActiveCfg = Release|x86
		{C104E0E6-9759-43D7-A528-B858F4087219}.AppStore|x86.Build.0 = Release|x86
		{C104E0E6-9759-43D7-A528-B858F4087219}.AppStore|x86.Deploy.0 = Release|x86
		{C104E0E6-9759-43D7-A528-B858F4087219}.Debug|Any CPU.ActiveCfg = Debug|x86
		{C104E0E6-9759-43D7-A528-B858F4087219}.Debug|Any CPU.Build.0 = Debug|x86
		{C104E0E6-9759-43D7-A528-B858F4087219}.Debug|Any CPU.Deploy.0 = Debug|x86
		{C104E0E6-9759-43D7-A528-B858F4087219}.Debug|ARM.ActiveCfg = Debug|ARM
		{C104E0E6-9759-43D7-A528-B858F4087219}.Debug|ARM.Build.0 = Debug|ARM
		{C104E0E6-9759-43D7-A528-B858F4087219}.Debug|ARM.Deploy.0 = Debug|ARM
		{C104E0E6-9759-43D7-A528-B858F4087219}.Debug|iPhone.ActiveCfg = Debug|x86
		{C104E0E6-9759-43D7-A528-B858F4087219}.Debug|iPhone.Build.0 = Debug|x86
		{C104E0E6-9759-43D7-A528-B858F4087219}.Debug|iPhone.Deploy.0 = Debug|x86
		{C104E0E6-9759-43D7-A528-B858F4087219}.Debug|iPhoneSimulator.ActiveCfg = Debug|x86
		{C104E0E6-9759-43D7-A528-B858F4087219}.Debug|iPhoneSimulator.Build.0 = Debug|x86
		{C104E0E6-9759-43D7-A528-B858F4087219}.Debug|iPhoneSimulator.Deploy.0 = Debug|x86
		{C104E0E6-9759-43D7-A528-B858F4087219}.Debug|x64.ActiveCfg = Debug|x64
		{C104E0E6-9759-43D7-A528-B858F4087219}.Debug|x64.Build.0 = Debug|x64
		{C104E0E6-9759-43D7-A528-B858F4087219}.Debug|x64.Deploy.0 = Debug|x64
		{C104E0E6-9759-43D7-A528-B858F4087219}.Debug|x86.ActiveCfg = Debug|x86
		{C104E0E6-9759-43D7-A528-B858F4087219}.Debug|x86.Build.0 = Debug|x86
		{C104E0E6-9759-43D7-A528-B858F4087219}.Debug|x86.Deploy.0 = Debug|x86
		{C104E0E6-9759-43D7-A528-B858F4087219}.Release|Any CPU.ActiveCfg = Release|x86
		{C104E0E6-9759-43D7-A528-B858F4087219}.Release|Any CPU.Build.0 = Release|x86
		{C104E0E6-9759-43D7-A528-B858F4087219}.Release|Any CPU.Deploy.0 = Release|x86
		{C104E0E6-9759-43D7-A528-B858F4087219}.Release|ARM.ActiveCfg = Release|ARM
		{C104E0E6-9759-43D7-A528-B858F4087219}.Release|ARM.Build.0 = Release|ARM
		{C104E0E6-9759-43D7-A528-B858F4087219}.Release|ARM.Deploy.0 = Release|ARM
		{C104E0E6-9759-43D7-A528-B858F4087219}.Release|iPhone.ActiveCfg = Release|x86
		{C104E0E6-9759-43D7-A528-B858F4087219}.Release|iPhone.Build.0 = Release|x86
		{C104E0E6-9759-43D7-A528-B858F4087219}.Release|iPhone.Deploy.0 = Release|x86
		{C104E0E6-9759-43D7-A528-B858F4087219}.Release|iPhoneSimulator.ActiveCfg = Release|x86
		{C104E0E6-9759-43D7-A528-B858F4087219}.Release|iPhoneSimulator.Build.0 = Release|x86
		{C104E0E6-9759-43D7-A528-B858F4087219}.Release|iPhoneSimulator.Deploy.0 = Release|x86
		{C104E0E6-9759-43D7-A528-B858F4087219}.Release|x64.ActiveCfg = Release|x64
		{C104E0E6-9759-43D7-A528-B858F4087219}.Release|x64.Build.0 = Release|x64
		{C104E0E6-9759-43D7-A528-B858F4087219}.Release|x64.Deploy.0 = Release|x64
		{C104E0E6-9759-43D7-A528-B858F4087219}.Release|x86.ActiveCfg = Release|x86
		{C104E0E6-9759-43D7-A528-B858F4087219}.Release|x86.Build.0 = Release|x86
		{C104E0E6-9759-43D7-A528-B858F4087219}.Release|x86.Deploy.0 = Release|x86
		{60AF7A49-A63A-4318-9D05-9F4D4DB02140}.Ad-Hoc|Any CPU.ActiveCfg = Debug|Any CPU
		{60AF7A49-A63A-4318-9D05-9F4D4DB02140}.Ad-Hoc|Any CPU.Build.0 = Debug|Any CPU
		{60AF7A49-A63A-4318-9D05-9F4D4DB02140}.Ad-Hoc|Any CPU.Deploy.0 = Debug|Any CPU
		{60AF7A49-A63A-4318-9D05-9F4D4DB02140}.Ad-Hoc|ARM.ActiveCfg = Debug|Any CPU
		{60AF7A49-A63A-4318-9D05-9F4D4DB02140}.Ad-Hoc|ARM.Build.0 = Debug|Any CPU
		{60AF7A49-A63A-4318-9D05-9F4D4DB02140}.Ad-Hoc|ARM.Deploy.0 = Debug|Any CPU
		{60AF7A49-A63A-4318-9D05-9F4D4DB02140}.Ad-Hoc|iPhone.ActiveCfg = Debug|Any CPU
		{60AF7A49-A63A-4318-9D05-9F4D4DB02140}.Ad-Hoc|iPhone.Build.0 = Debug|Any CPU
		{60AF7A49-A63A-4318-9D05-9F4D4DB02140}.Ad-Hoc|iPhone.Deploy.0 = Debug|Any CPU
		{60AF7A49-A63A-4318-9D05-9F4D4DB02140}.Ad-Hoc|iPhoneSimulator.ActiveCfg = Debug|Any CPU
		{60AF7A49-A63A-4318-9D05-9F4D4DB02140}.Ad-Hoc|iPhoneSimulator.Build.0 = Debug|Any CPU
		{60AF7A49-A63A-4318-9D05-9F4D4DB02140}.Ad-Hoc|iPhoneSimulator.Deploy.0 = Debug|Any CPU
		{60AF7A49-A63A-4318-9D05-9F4D4DB02140}.Ad-Hoc|x64.ActiveCfg = Debug|Any CPU
		{60AF7A49-A63A-4318-9D05-9F4D4DB02140}.Ad-Hoc|x64.Build.0 = Debug|Any CPU
		{60AF7A49-A63A-4318-9D05-9F4D4DB02140}.Ad-Hoc|x64.Deploy.0 = Debug|Any CPU
		{60AF7A49-A63A-4318-9D05-9F4D4DB02140}.Ad-Hoc|x86.ActiveCfg = Debug|Any CPU
		{60AF7A49-A63A-4318-9D05-9F4D4DB02140}.Ad-Hoc|x86.Build.0 = Debug|Any CPU
		{60AF7A49-A63A-4318-9D05-9F4D4DB02140}.Ad-Hoc|x86.Deploy.0 = Debug|Any CPU
		{60AF7A49-A63A-4318-9D05-9F4D4DB02140}.AppStore|Any CPU.ActiveCfg = Debug|Any CPU
		{60AF7A49-A63A-4318-9D05-9F4D4DB02140}.AppStore|Any CPU.Build.0 = Debug|Any CPU
		{60AF7A49-A63A-4318-9D05-9F4D4DB02140}.AppStore|Any CPU.Deploy.0 = Debug|Any CPU
		{60AF7A49-A63A-4318-9D05-9F4D4DB02140}.AppStore|ARM.ActiveCfg = Debug|Any CPU
		{60AF7A49-A63A-4318-9D05-9F4D4DB02140}.AppStore|ARM.Build.0 = Debug|Any CPU
		{60AF7A49-A63A-4318-9D05-9F4D4DB02140}.AppStore|ARM.Deploy.0 = Debug|Any CPU
		{60AF7A49-A63A-4318-9D05-9F4D4DB02140}.AppStore|iPhone.ActiveCfg = Debug|Any CPU
		{60AF7A49-A63A-4318-9D05-9F4D4DB02140}.AppStore|iPhone.Build.0 = Debug|Any CPU
		{60AF7A49-A63A-4318-9D05-9F4D4DB02140}.AppStore|iPhone.Deploy.0 = Debug|Any CPU
		{60AF7A49-A63A-4318-9D05-9F4D4DB02140}.AppStore|iPhoneSimulator.ActiveCfg = Debug|Any CPU
		{60AF7A49-A63A-4318-9D05-9F4D4DB02140}.AppStore|iPhoneSimulator.Build.0 = Debug|Any CPU
		{60AF7A49-A63A-4318-9D05-9F4D4DB02140}.AppStore|iPhoneSimulator.Deploy.0 = Debug|Any CPU
		{60AF7A49-A63A-4318-9D05-9F4D4DB02140}.AppStore|x64.ActiveCfg = Debug|Any CPU
		{60AF7A49-A63A-4318-9D05-9F4D4DB02140}.AppStore|x64.Build.0 = Debug|Any CPU
		{60AF7A49-A63A-4318-9D05-9F4D4DB02140}.AppStore|x64.Deploy.0 = Debug|Any CPU
		{60AF7A49-A63A-4318-9D05-9F4D4DB02140}.AppStore|x86.ActiveCfg = Debug|Any CPU
		{60AF7A49-A63A-4318-9D05-9F4D4DB02140}.AppStore|x86.Build.0 = Debug|Any CPU
		{60AF7A49-A63A-4318-9D05-9F4D4DB02140}.AppStore|x86.Deploy.0 = Debug|Any CPU
		{60AF7A49-A63A-4318-9D05-9F4D4DB02140}.Debug|Any CPU.ActiveCfg = Debug|Any CPU
		{60AF7A49-A63A-4318-9D05-9F4D4DB02140}.Debug|Any CPU.Build.0 = Debug|Any CPU
		{60AF7A49-A63A-4318-9D05-9F4D4DB02140}.Debug|Any CPU.Deploy.0 = Debug|Any CPU
		{60AF7A49-A63A-4318-9D05-9F4D4DB02140}.Debug|ARM.ActiveCfg = Debug|Any CPU
		{60AF7A49-A63A-4318-9D05-9F4D4DB02140}.Debug|ARM.Build.0 = Debug|Any CPU
		{60AF7A49-A63A-4318-9D05-9F4D4DB02140}.Debug|ARM.Deploy.0 = Debug|Any CPU
		{60AF7A49-A63A-4318-9D05-9F4D4DB02140}.Debug|iPhone.ActiveCfg = Debug|Any CPU
		{60AF7A49-A63A-4318-9D05-9F4D4DB02140}.Debug|iPhone.Build.0 = Debug|Any CPU
		{60AF7A49-A63A-4318-9D05-9F4D4DB02140}.Debug|iPhone.Deploy.0 = Debug|Any CPU
		{60AF7A49-A63A-4318-9D05-9F4D4DB02140}.Debug|iPhoneSimulator.ActiveCfg = Debug|Any CPU
		{60AF7A49-A63A-4318-9D05-9F4D4DB02140}.Debug|iPhoneSimulator.Build.0 = Debug|Any CPU
		{60AF7A49-A63A-4318-9D05-9F4D4DB02140}.Debug|iPhoneSimulator.Deploy.0 = Debug|Any CPU
		{60AF7A49-A63A-4318-9D05-9F4D4DB02140}.Debug|x64.ActiveCfg = Debug|Any CPU
		{60AF7A49-A63A-4318-9D05-9F4D4DB02140}.Debug|x64.Build.0 = Debug|Any CPU
		{60AF7A49-A63A-4318-9D05-9F4D4DB02140}.Debug|x64.Deploy.0 = Debug|Any CPU
		{60AF7A49-A63A-4318-9D05-9F4D4DB02140}.Debug|x86.ActiveCfg = Debug|Any CPU
		{60AF7A49-A63A-4318-9D05-9F4D4DB02140}.Debug|x86.Build.0 = Debug|Any CPU
		{60AF7A49-A63A-4318-9D05-9F4D4DB02140}.Debug|x86.Deploy.0 = Debug|Any CPU
		{60AF7A49-A63A-4318-9D05-9F4D4DB02140}.Release|Any CPU.ActiveCfg = Release|Any CPU
		{60AF7A49-A63A-4318-9D05-9F4D4DB02140}.Release|Any CPU.Build.0 = Release|Any CPU
		{60AF7A49-A63A-4318-9D05-9F4D4DB02140}.Release|Any CPU.Deploy.0 = Release|Any CPU
		{60AF7A49-A63A-4318-9D05-9F4D4DB02140}.Release|ARM.ActiveCfg = Release|Any CPU
		{60AF7A49-A63A-4318-9D05-9F4D4DB02140}.Release|ARM.Build.0 = Release|Any CPU
		{60AF7A49-A63A-4318-9D05-9F4D4DB02140}.Release|ARM.Deploy.0 = Release|Any CPU
		{60AF7A49-A63A-4318-9D05-9F4D4DB02140}.Release|iPhone.ActiveCfg = Release|Any CPU
		{60AF7A49-A63A-4318-9D05-9F4D4DB02140}.Release|iPhone.Build.0 = Release|Any CPU
		{60AF7A49-A63A-4318-9D05-9F4D4DB02140}.Release|iPhone.Deploy.0 = Release|Any CPU
		{60AF7A49-A63A-4318-9D05-9F4D4DB02140}.Release|iPhoneSimulator.ActiveCfg = Release|Any CPU
		{60AF7A49-A63A-4318-9D05-9F4D4DB02140}.Release|iPhoneSimulator.Build.0 = Release|Any CPU
		{60AF7A49-A63A-4318-9D05-9F4D4DB02140}.Release|iPhoneSimulator.Deploy.0 = Release|Any CPU
		{60AF7A49-A63A-4318-9D05-9F4D4DB02140}.Release|x64.ActiveCfg = Release|Any CPU
		{60AF7A49-A63A-4318-9D05-9F4D4DB02140}.Release|x64.Build.0 = Release|Any CPU
		{60AF7A49-A63A-4318-9D05-9F4D4DB02140}.Release|x64.Deploy.0 = Release|Any CPU
		{60AF7A49-A63A-4318-9D05-9F4D4DB02140}.Release|x86.ActiveCfg = Release|Any CPU
		{60AF7A49-A63A-4318-9D05-9F4D4DB02140}.Release|x86.Build.0 = Release|Any CPU
		{60AF7A49-A63A-4318-9D05-9F4D4DB02140}.Release|x86.Deploy.0 = Release|Any CPU
		{EB6080D2-8850-4B39-9783-1756C5D81915}.Ad-Hoc|Any CPU.ActiveCfg = Debug|Any CPU
		{EB6080D2-8850-4B39-9783-1756C5D81915}.Ad-Hoc|Any CPU.Build.0 = Debug|Any CPU
		{EB6080D2-8850-4B39-9783-1756C5D81915}.Ad-Hoc|ARM.ActiveCfg = Debug|Any CPU
		{EB6080D2-8850-4B39-9783-1756C5D81915}.Ad-Hoc|ARM.Build.0 = Debug|Any CPU
		{EB6080D2-8850-4B39-9783-1756C5D81915}.Ad-Hoc|iPhone.ActiveCfg = Debug|Any CPU
		{EB6080D2-8850-4B39-9783-1756C5D81915}.Ad-Hoc|iPhone.Build.0 = Debug|Any CPU
		{EB6080D2-8850-4B39-9783-1756C5D81915}.Ad-Hoc|iPhoneSimulator.ActiveCfg = Debug|Any CPU
		{EB6080D2-8850-4B39-9783-1756C5D81915}.Ad-Hoc|iPhoneSimulator.Build.0 = Debug|Any CPU
		{EB6080D2-8850-4B39-9783-1756C5D81915}.Ad-Hoc|x64.ActiveCfg = Debug|Any CPU
		{EB6080D2-8850-4B39-9783-1756C5D81915}.Ad-Hoc|x64.Build.0 = Debug|Any CPU
		{EB6080D2-8850-4B39-9783-1756C5D81915}.Ad-Hoc|x86.ActiveCfg = Debug|Any CPU
		{EB6080D2-8850-4B39-9783-1756C5D81915}.Ad-Hoc|x86.Build.0 = Debug|Any CPU
		{EB6080D2-8850-4B39-9783-1756C5D81915}.AppStore|Any CPU.ActiveCfg = Debug|Any CPU
		{EB6080D2-8850-4B39-9783-1756C5D81915}.AppStore|Any CPU.Build.0 = Debug|Any CPU
		{EB6080D2-8850-4B39-9783-1756C5D81915}.AppStore|ARM.ActiveCfg = Debug|Any CPU
		{EB6080D2-8850-4B39-9783-1756C5D81915}.AppStore|ARM.Build.0 = Debug|Any CPU
		{EB6080D2-8850-4B39-9783-1756C5D81915}.AppStore|iPhone.ActiveCfg = Debug|Any CPU
		{EB6080D2-8850-4B39-9783-1756C5D81915}.AppStore|iPhone.Build.0 = Debug|Any CPU
		{EB6080D2-8850-4B39-9783-1756C5D81915}.AppStore|iPhoneSimulator.ActiveCfg = Debug|Any CPU
		{EB6080D2-8850-4B39-9783-1756C5D81915}.AppStore|iPhoneSimulator.Build.0 = Debug|Any CPU
		{EB6080D2-8850-4B39-9783-1756C5D81915}.AppStore|x64.ActiveCfg = Debug|Any CPU
		{EB6080D2-8850-4B39-9783-1756C5D81915}.AppStore|x64.Build.0 = Debug|Any CPU
		{EB6080D2-8850-4B39-9783-1756C5D81915}.AppStore|x86.ActiveCfg = Debug|Any CPU
		{EB6080D2-8850-4B39-9783-1756C5D81915}.AppStore|x86.Build.0 = Debug|Any CPU
		{EB6080D2-8850-4B39-9783-1756C5D81915}.Debug|Any CPU.ActiveCfg = Debug|Any CPU
		{EB6080D2-8850-4B39-9783-1756C5D81915}.Debug|Any CPU.Build.0 = Debug|Any CPU
		{EB6080D2-8850-4B39-9783-1756C5D81915}.Debug|ARM.ActiveCfg = Debug|Any CPU
		{EB6080D2-8850-4B39-9783-1756C5D81915}.Debug|ARM.Build.0 = Debug|Any CPU
		{EB6080D2-8850-4B39-9783-1756C5D81915}.Debug|iPhone.ActiveCfg = Debug|Any CPU
		{EB6080D2-8850-4B39-9783-1756C5D81915}.Debug|iPhone.Build.0 = Debug|Any CPU
		{EB6080D2-8850-4B39-9783-1756C5D81915}.Debug|iPhoneSimulator.ActiveCfg = Debug|Any CPU
		{EB6080D2-8850-4B39-9783-1756C5D81915}.Debug|iPhoneSimulator.Build.0 = Debug|Any CPU
		{EB6080D2-8850-4B39-9783-1756C5D81915}.Debug|x64.ActiveCfg = Debug|Any CPU
		{EB6080D2-8850-4B39-9783-1756C5D81915}.Debug|x64.Build.0 = Debug|Any CPU
		{EB6080D2-8850-4B39-9783-1756C5D81915}.Debug|x86.ActiveCfg = Debug|Any CPU
		{EB6080D2-8850-4B39-9783-1756C5D81915}.Debug|x86.Build.0 = Debug|Any CPU
		{EB6080D2-8850-4B39-9783-1756C5D81915}.Release|Any CPU.ActiveCfg = Release|Any CPU
		{EB6080D2-8850-4B39-9783-1756C5D81915}.Release|Any CPU.Build.0 = Release|Any CPU
		{EB6080D2-8850-4B39-9783-1756C5D81915}.Release|ARM.ActiveCfg = Release|Any CPU
		{EB6080D2-8850-4B39-9783-1756C5D81915}.Release|ARM.Build.0 = Release|Any CPU
		{EB6080D2-8850-4B39-9783-1756C5D81915}.Release|iPhone.ActiveCfg = Release|Any CPU
		{EB6080D2-8850-4B39-9783-1756C5D81915}.Release|iPhone.Build.0 = Release|Any CPU
		{EB6080D2-8850-4B39-9783-1756C5D81915}.Release|iPhoneSimulator.ActiveCfg = Release|Any CPU
		{EB6080D2-8850-4B39-9783-1756C5D81915}.Release|iPhoneSimulator.Build.0 = Release|Any CPU
		{EB6080D2-8850-4B39-9783-1756C5D81915}.Release|x64.ActiveCfg = Release|Any CPU
		{EB6080D2-8850-4B39-9783-1756C5D81915}.Release|x64.Build.0 = Release|Any CPU
		{EB6080D2-8850-4B39-9783-1756C5D81915}.Release|x86.ActiveCfg = Release|Any CPU
		{EB6080D2-8850-4B39-9783-1756C5D81915}.Release|x86.Build.0 = Release|Any CPU
	EndGlobalSection
	GlobalSection(SolutionProperties) = preSolution
		HideSolutionNode = FALSE
	EndGlobalSection
	GlobalSection(ExtensibilityGlobals) = postSolution
		SolutionGuid = {C8B69D79-D158-4992-BE83-9969EF9A2550}
	EndGlobalSection
EndGlobal
